// !$*UTF8*$!
{
	archiveVersion = 1;
	classes = {
	};
	objectVersion = 46;
	objects = {

/* Begin PBXBuildFile section */
		0207DA581B56EA530066E2B4 /* Images.xcassets in Resources */ = {isa = PBXBuildFile; fileRef = 0207DA571B56EA530066E2B4 /* Images.xcassets */; };
		071F916B4F0D4EECBFD06ECB /* CDVLocalFilesystem.m in Sources */ = {isa = PBXBuildFile; fileRef = 7795E9D36FF04F84A6C5E380 /* CDVLocalFilesystem.m */; };
		12E7BF65093F4F77B3F9EFF0 /* AudioToolbox.framework in Frameworks */ = {isa = PBXBuildFile; fileRef = 692419E8E321495A87017991 /* AudioToolbox.framework */; settings = {ATTRIBUTES = (Weak, ); }; };
		1D3623260D0F684500981E51 /* AppDelegate.m in Sources */ = {isa = PBXBuildFile; fileRef = 1D3623250D0F684500981E51 /* AppDelegate.m */; };
		1D60589B0D05DD56006BFB54 /* main.m in Sources */ = {isa = PBXBuildFile; fileRef = 29B97316FDCFA39411CA2CEA /* main.m */; };
		301BF552109A68D80062928A /* libCordova.a in Frameworks */ = {isa = PBXBuildFile; fileRef = 301BF535109A57CC0062928A /* libCordova.a */; };
		302D95F114D2391D003F00A1 /* MainViewController.m in Sources */ = {isa = PBXBuildFile; fileRef = 302D95EF14D2391D003F00A1 /* MainViewController.m */; };
		302D95F214D2391D003F00A1 /* MainViewController.xib in Resources */ = {isa = PBXBuildFile; fileRef = 302D95F014D2391D003F00A1 /* MainViewController.xib */; };
		3D12DE753F7248EEAB0CF8D8 /* CDVViewController+UpdateSupportedOrientations.m in Sources */ = {isa = PBXBuildFile; fileRef = 546E7B32506443AFACAAAB69 /* CDVViewController+UpdateSupportedOrientations.m */; };
		3DEF5FF19DD44480A60B47F3 /* CDVStatusBar.m in Sources */ = {isa = PBXBuildFile; fileRef = 4F925EF268CE4D8E99D3E098 /* CDVStatusBar.m */; };
		3E5C58C7E2764C96A5BD96F7 /* zxing-all-in-one.cpp in Sources */ = {isa = PBXBuildFile; fileRef = F417B5477C3D4B59B9ABBACE /* zxing-all-in-one.cpp */; };
		3F43FB6C38B94B4F985B3D7B /* CDVDevice.m in Sources */ = {isa = PBXBuildFile; fileRef = 9F727842DE6444C6A486E301 /* CDVDevice.m */; };
		4A74CEE6C1714A9798B899E1 /* CDVJpegHeaderWriter.m in Sources */ = {isa = PBXBuildFile; fileRef = E66089207D0C41EEA482D4CF /* CDVJpegHeaderWriter.m */; };
		4BF91DFE85034CA59DFBE0F4 /* MBProgressHUD.m in Sources */ = {isa = PBXBuildFile; fileRef = 8E7BEB1D80B84C61BC332449 /* MBProgressHUD.m */; };
		4FCFA8359F794491904828A6 /* AppVersion.m in Sources */ = {isa = PBXBuildFile; fileRef = 64DE9900EF5F488CAF541E76 /* AppVersion.m */; };
		5277F9937ECE4EA783817915 /* CDVBarcodeScanner.mm in Sources */ = {isa = PBXBuildFile; fileRef = 911F4FC204EC438DA2C783DC /* CDVBarcodeScanner.mm */; settings = {COMPILER_FLAGS = "-fno-objc-arc"; }; };
		53D6DB9E4B51457DB6E824EF /* CoreLocation.framework in Frameworks */ = {isa = PBXBuildFile; fileRef = D9423F6F502F43DC8B71A662 /* CoreLocation.framework */; };
		5A920E9463E04853AF779692 /* UIImage+CropScaleOrientation.m in Sources */ = {isa = PBXBuildFile; fileRef = 20ED24A963A7447CBFDE8E3C /* UIImage+CropScaleOrientation.m */; };
		5DE973EA05CC46C4A21A6005 /* CoreImage.framework in Frameworks */ = {isa = PBXBuildFile; fileRef = 1D990ECD995C4A499D70F18A /* CoreImage.framework */; };
		68E501F7743347C2A8A26411 /* CDVFile.m in Sources */ = {isa = PBXBuildFile; fileRef = 26092D1D3D6E4D6595207FD1 /* CDVFile.m */; };
		6B10ADB22433443FB340BE68 /* YoikScreenOrientation.m in Sources */ = {isa = PBXBuildFile; fileRef = 5E3B150596974A88BF95A350 /* YoikScreenOrientation.m */; };
		6C3A9935710145F58E3142F0 /* CDVSplashScreen.m in Sources */ = {isa = PBXBuildFile; fileRef = B12036AD1A0741C29D5AF486 /* CDVSplashScreen.m */; };
		87D0DF69B5EF489FA7579C93 /* libiconv.dylib in Frameworks */ = {isa = PBXBuildFile; fileRef = 716A8DD3FBB84BE2BC546BD5 /* libiconv.dylib */; };
		8BA9C9EC5FCA4CDE9B4BDA47 /* CDVNotification.m in Sources */ = {isa = PBXBuildFile; fileRef = 8A54A10BB854457F8D2A178D /* CDVNotification.m */; };
		96BC3651B1AE438EADE07EBE /* CDVInAppBrowser.m in Sources */ = {isa = PBXBuildFile; fileRef = D16489471ED24D6383CFA6C8 /* CDVInAppBrowser.m */; };
		9A3BF6FDF56C4ECDACDDD67D /* CDVBarcodeScanner.bundle in Resources */ = {isa = PBXBuildFile; fileRef = B22A4BA602064B51911004C1 /* CDVBarcodeScanner.bundle */; };
		9B19F98B554643618A66B166 /* ImageIO.framework in Frameworks */ = {isa = PBXBuildFile; fileRef = B317D10E236A4F03B32525CE /* ImageIO.framework */; settings = {ATTRIBUTES = (Weak, ); }; };
		A480D42238A6489BAFCC2CE8 /* scannerOverlay.xib in Resources */ = {isa = PBXBuildFile; fileRef = 22791252867A4006BE7C87A9 /* scannerOverlay.xib */; };
		AD71621B7118463586B4F073 /* CoreVideo.framework in Frameworks */ = {isa = PBXBuildFile; fileRef = 5B7FF64325D74ED9ABE2423E /* CoreVideo.framework */; };
		B0610F96859145AB81957D52 /* CDVLogger.m in Sources */ = {isa = PBXBuildFile; fileRef = FBA62027ACBE4EC9BA57DDFF /* CDVLogger.m */; };
		BB9C1C00175C43B189BC45DB /* CDVNotification.bundle in Resources */ = {isa = PBXBuildFile; fileRef = 487F86751F7E4E5BB6F0F1D1 /* CDVNotification.bundle */; };
		D6D38F3F0A2B4846AAA263D7 /* CDVAssetLibraryFilesystem.m in Sources */ = {isa = PBXBuildFile; fileRef = 399F1F54537A44F386515DC1 /* CDVAssetLibraryFilesystem.m */; };
		DF87ACCE72B243DCA5FACBB3 /* SpinnerPlugin.m in Sources */ = {isa = PBXBuildFile; fileRef = 01D20C52CB5A46A7942BE0C6 /* SpinnerPlugin.m */; };
		E01A250726F04831BAFFCE66 /* CDVCamera.m in Sources */ = {isa = PBXBuildFile; fileRef = 26FD2B8441664E36BEF58AF6 /* CDVCamera.m */; };
		E042E9B91C524B5CB62ECBC1 /* AVFoundation.framework in Frameworks */ = {isa = PBXBuildFile; fileRef = F58A29564BC5498DA5F657ED /* AVFoundation.framework */; };
		E85018E8D7634332A27577FB /* QuartzCore.framework in Frameworks */ = {isa = PBXBuildFile; fileRef = 6E33789A57A64EEB9E2A5BB3 /* QuartzCore.framework */; };
		EE6DF72E535C4C0C82EC20DD /* CDVFileTransfer.m in Sources */ = {isa = PBXBuildFile; fileRef = B8F24E563DBF48CA8235C383 /* CDVFileTransfer.m */; };
		F415C76318044F2CA4C3FE91 /* CDVViewController+SplashScreen.m in Sources */ = {isa = PBXBuildFile; fileRef = F33977A45C1E47ED8DC6E3D6 /* CDVViewController+SplashScreen.m */; };
/* End PBXBuildFile section */

/* Begin PBXContainerItemProxy section */
		301BF534109A57CC0062928A /* PBXContainerItemProxy */ = {
			isa = PBXContainerItemProxy;
			containerPortal = 301BF52D109A57CC0062928A /* CordovaLib.xcodeproj */;
			proxyType = 2;
			remoteGlobalIDString = D2AAC07E0554694100DB518D;
			remoteInfo = CordovaLib;
		};
		301BF550109A68C00062928A /* PBXContainerItemProxy */ = {
			isa = PBXContainerItemProxy;
			containerPortal = 301BF52D109A57CC0062928A /* CordovaLib.xcodeproj */;
			proxyType = 1;
			remoteGlobalIDString = D2AAC07D0554694100DB518D;
			remoteInfo = CordovaLib;
		};
/* End PBXContainerItemProxy section */

/* Begin PBXFileReference section */
		01D20C52CB5A46A7942BE0C6 /* SpinnerPlugin.m */ = {isa = PBXFileReference; explicitFileType = undefined; fileEncoding = 4; includeInIndex = 0; lastKnownFileType = sourcecode.c.objc; name = SpinnerPlugin.m; path = "cordova-plugin-spinner/SpinnerPlugin.m"; sourceTree = "<group>"; };
		0207DA571B56EA530066E2B4 /* Images.xcassets */ = {isa = PBXFileReference; lastKnownFileType = folder.assetcatalog; name = Images.xcassets; path = MEDUSA/Images.xcassets; sourceTree = SOURCE_ROOT; };
		14A76149AFB94A2789BF861D /* CDVLogger.h */ = {isa = PBXFileReference; explicitFileType = undefined; fileEncoding = 4; includeInIndex = 0; lastKnownFileType = sourcecode.c.h; name = CDVLogger.h; path = "cordova-plugin-console/CDVLogger.h"; sourceTree = "<group>"; };
		1D10A9E917FA40EF9BB5F1B2 /* AppVersion.h */ = {isa = PBXFileReference; explicitFileType = undefined; fileEncoding = 4; includeInIndex = 0; lastKnownFileType = sourcecode.c.h; name = AppVersion.h; path = "cordova-plugin-app-version/AppVersion.h"; sourceTree = "<group>"; };
		1D3623240D0F684500981E51 /* AppDelegate.h */ = {isa = PBXFileReference; fileEncoding = 4; lastKnownFileType = sourcecode.c.h; path = AppDelegate.h; sourceTree = "<group>"; };
		1D3623250D0F684500981E51 /* AppDelegate.m */ = {isa = PBXFileReference; fileEncoding = 4; lastKnownFileType = sourcecode.c.objc; path = AppDelegate.m; sourceTree = "<group>"; };
		1D6058910D05DD3D006BFB54 /* MEDUSA.app */ = {isa = PBXFileReference; explicitFileType = wrapper.application; includeInIndex = 0; path = MEDUSA.app; sourceTree = BUILT_PRODUCTS_DIR; };
		1D990ECD995C4A499D70F18A /* CoreImage.framework */ = {isa = PBXFileReference; explicitFileType = undefined; fileEncoding = 9; includeInIndex = 0; lastKnownFileType = wrapper.framework; name = CoreImage.framework; path = System/Library/Frameworks/CoreImage.framework; sourceTree = SDKROOT; };
		20ED24A963A7447CBFDE8E3C /* UIImage+CropScaleOrientation.m */ = {isa = PBXFileReference; explicitFileType = undefined; fileEncoding = 4; includeInIndex = 0; lastKnownFileType = sourcecode.c.objc; name = "UIImage+CropScaleOrientation.m"; path = "cordova-plugin-camera/UIImage+CropScaleOrientation.m"; sourceTree = "<group>"; };
		22791252867A4006BE7C87A9 /* scannerOverlay.xib */ = {isa = PBXFileReference; explicitFileType = undefined; fileEncoding = 9; includeInIndex = 0; lastKnownFileType = file.xib; path = scannerOverlay.xib; sourceTree = "<group>"; };
		26092D1D3D6E4D6595207FD1 /* CDVFile.m */ = {isa = PBXFileReference; explicitFileType = undefined; fileEncoding = 4; includeInIndex = 0; lastKnownFileType = sourcecode.c.objc; name = CDVFile.m; path = "cordova-plugin-file/CDVFile.m"; sourceTree = "<group>"; };
		26FD2B8441664E36BEF58AF6 /* CDVCamera.m */ = {isa = PBXFileReference; explicitFileType = undefined; fileEncoding = 4; includeInIndex = 0; lastKnownFileType = sourcecode.c.objc; name = CDVCamera.m; path = "cordova-plugin-camera/CDVCamera.m"; sourceTree = "<group>"; };
		29B97316FDCFA39411CA2CEA /* main.m */ = {isa = PBXFileReference; fileEncoding = 4; lastKnownFileType = sourcecode.c.objc; path = main.m; sourceTree = "<group>"; };
		2E2291175E63464CBC9C0E26 /* CDVAssetLibraryFilesystem.h */ = {isa = PBXFileReference; explicitFileType = undefined; fileEncoding = 4; includeInIndex = 0; lastKnownFileType = sourcecode.c.h; name = CDVAssetLibraryFilesystem.h; path = "cordova-plugin-file/CDVAssetLibraryFilesystem.h"; sourceTree = "<group>"; };
		301BF52D109A57CC0062928A /* CordovaLib.xcodeproj */ = {isa = PBXFileReference; lastKnownFileType = "wrapper.pb-project"; name = CordovaLib.xcodeproj; path = CordovaLib/CordovaLib.xcodeproj; sourceTree = "<group>"; };
		301BF56E109A69640062928A /* www */ = {isa = PBXFileReference; lastKnownFileType = folder; path = www; sourceTree = SOURCE_ROOT; };
		302D95EE14D2391D003F00A1 /* MainViewController.h */ = {isa = PBXFileReference; fileEncoding = 4; lastKnownFileType = sourcecode.c.h; path = MainViewController.h; sourceTree = "<group>"; };
		302D95EF14D2391D003F00A1 /* MainViewController.m */ = {isa = PBXFileReference; fileEncoding = 4; lastKnownFileType = sourcecode.c.objc; path = MainViewController.m; sourceTree = "<group>"; };
		302D95F014D2391D003F00A1 /* MainViewController.xib */ = {isa = PBXFileReference; fileEncoding = 4; lastKnownFileType = file.xib; path = MainViewController.xib; sourceTree = "<group>"; };
		3047A50F1AB8059700498E2A /* build-debug.xcconfig */ = {isa = PBXFileReference; fileEncoding = 4; lastKnownFileType = text.xcconfig; name = "build-debug.xcconfig"; path = "cordova/build-debug.xcconfig"; sourceTree = SOURCE_ROOT; };
		3047A5101AB8059700498E2A /* build-release.xcconfig */ = {isa = PBXFileReference; fileEncoding = 4; lastKnownFileType = text.xcconfig; name = "build-release.xcconfig"; path = "cordova/build-release.xcconfig"; sourceTree = SOURCE_ROOT; };
		3047A5111AB8059700498E2A /* build.xcconfig */ = {isa = PBXFileReference; fileEncoding = 4; lastKnownFileType = text.xcconfig; name = build.xcconfig; path = cordova/build.xcconfig; sourceTree = SOURCE_ROOT; };
		32CA4F630368D1EE00C91783 /* MEDUSA-Prefix.pch */ = {isa = PBXFileReference; fileEncoding = 4; lastKnownFileType = sourcecode.c.h; path = "MEDUSA-Prefix.pch"; sourceTree = "<group>"; };
		399F1F54537A44F386515DC1 /* CDVAssetLibraryFilesystem.m */ = {isa = PBXFileReference; explicitFileType = undefined; fileEncoding = 4; includeInIndex = 0; lastKnownFileType = sourcecode.c.objc; name = CDVAssetLibraryFilesystem.m; path = "cordova-plugin-file/CDVAssetLibraryFilesystem.m"; sourceTree = "<group>"; };
		487F86751F7E4E5BB6F0F1D1 /* CDVNotification.bundle */ = {isa = PBXFileReference; explicitFileType = undefined; fileEncoding = 9; includeInIndex = 0; lastKnownFileType = "wrapper.plug-in"; path = CDVNotification.bundle; sourceTree = "<group>"; };
		4F925EF268CE4D8E99D3E098 /* CDVStatusBar.m */ = {isa = PBXFileReference; explicitFileType = undefined; fileEncoding = 4; includeInIndex = 0; lastKnownFileType = sourcecode.c.objc; name = CDVStatusBar.m; path = "cordova-plugin-statusbar/CDVStatusBar.m"; sourceTree = "<group>"; };
		546E7B32506443AFACAAAB69 /* CDVViewController+UpdateSupportedOrientations.m */ = {isa = PBXFileReference; explicitFileType = undefined; fileEncoding = 4; includeInIndex = 0; lastKnownFileType = sourcecode.c.objc; name = "CDVViewController+UpdateSupportedOrientations.m"; path = "cordova-plugin-screen-orientation/CDVViewController+UpdateSupportedOrientations.m"; sourceTree = "<group>"; };
		5784C482F1414CC68C9EE91E /* zxing-all-in-one.h */ = {isa = PBXFileReference; explicitFileType = undefined; fileEncoding = 4; includeInIndex = 0; lastKnownFileType = sourcecode.c.h; name = "zxing-all-in-one.h"; path = "phonegap-plugin-barcodescanner/zxing-all-in-one.h"; sourceTree = "<group>"; };
		5A8FE9A540D54595B7216B02 /* CDVLocalFilesystem.h */ = {isa = PBXFileReference; explicitFileType = undefined; fileEncoding = 4; includeInIndex = 0; lastKnownFileType = sourcecode.c.h; name = CDVLocalFilesystem.h; path = "cordova-plugin-file/CDVLocalFilesystem.h"; sourceTree = "<group>"; };
		5B7FF64325D74ED9ABE2423E /* CoreVideo.framework */ = {isa = PBXFileReference; explicitFileType = undefined; fileEncoding = 9; includeInIndex = 0; lastKnownFileType = wrapper.framework; name = CoreVideo.framework; path = System/Library/Frameworks/CoreVideo.framework; sourceTree = SDKROOT; };
		5E3B150596974A88BF95A350 /* YoikScreenOrientation.m */ = {isa = PBXFileReference; explicitFileType = undefined; fileEncoding = 4; includeInIndex = 0; lastKnownFileType = sourcecode.c.objc; name = YoikScreenOrientation.m; path = "cordova-plugin-screen-orientation/YoikScreenOrientation.m"; sourceTree = "<group>"; };
		60218BE600A24EF8B6591085 /* CDVJpegHeaderWriter.h */ = {isa = PBXFileReference; explicitFileType = undefined; fileEncoding = 4; includeInIndex = 0; lastKnownFileType = sourcecode.c.h; name = CDVJpegHeaderWriter.h; path = "cordova-plugin-camera/CDVJpegHeaderWriter.h"; sourceTree = "<group>"; };
		64DE9900EF5F488CAF541E76 /* AppVersion.m */ = {isa = PBXFileReference; explicitFileType = undefined; fileEncoding = 4; includeInIndex = 0; lastKnownFileType = sourcecode.c.objc; name = AppVersion.m; path = "cordova-plugin-app-version/AppVersion.m"; sourceTree = "<group>"; };
		692419E8E321495A87017991 /* AudioToolbox.framework */ = {isa = PBXFileReference; explicitFileType = undefined; fileEncoding = 9; includeInIndex = 0; lastKnownFileType = wrapper.framework; name = AudioToolbox.framework; path = System/Library/Frameworks/AudioToolbox.framework; sourceTree = SDKROOT; };
		6E33789A57A64EEB9E2A5BB3 /* QuartzCore.framework */ = {isa = PBXFileReference; explicitFileType = undefined; fileEncoding = 9; includeInIndex = 0; lastKnownFileType = wrapper.framework; name = QuartzCore.framework; path = System/Library/Frameworks/QuartzCore.framework; sourceTree = SDKROOT; };
		716A8DD3FBB84BE2BC546BD5 /* libiconv.dylib */ = {isa = PBXFileReference; explicitFileType = undefined; fileEncoding = 9; includeInIndex = 0; lastKnownFileType = "compiled.mach-o.dylib"; name = libiconv.dylib; path = usr/lib/libiconv.dylib; sourceTree = SDKROOT; };
		7795E9D36FF04F84A6C5E380 /* CDVLocalFilesystem.m */ = {isa = PBXFileReference; explicitFileType = undefined; fileEncoding = 4; includeInIndex = 0; lastKnownFileType = sourcecode.c.objc; name = CDVLocalFilesystem.m; path = "cordova-plugin-file/CDVLocalFilesystem.m"; sourceTree = "<group>"; };
		7C39A52E6F2B43BE81B4D53D /* CDVViewController+UpdateSupportedOrientations.h */ = {isa = PBXFileReference; explicitFileType = undefined; fileEncoding = 4; includeInIndex = 0; lastKnownFileType = sourcecode.c.h; name = "CDVViewController+UpdateSupportedOrientations.h"; path = "cordova-plugin-screen-orientation/CDVViewController+UpdateSupportedOrientations.h"; sourceTree = "<group>"; };
		8103AA32666D4E1A8DD29C5C /* MBProgressHUD.h */ = {isa = PBXFileReference; explicitFileType = undefined; fileEncoding = 4; includeInIndex = 0; lastKnownFileType = sourcecode.c.h; name = MBProgressHUD.h; path = "cordova-plugin-spinner/MBProgressHUD.h"; sourceTree = "<group>"; };
		8A54A10BB854457F8D2A178D /* CDVNotification.m */ = {isa = PBXFileReference; explicitFileType = undefined; fileEncoding = 4; includeInIndex = 0; lastKnownFileType = sourcecode.c.objc; name = CDVNotification.m; path = "cordova-plugin-dialogs/CDVNotification.m"; sourceTree = "<group>"; };
		8D1107310486CEB800E47090 /* MEDUSA-Info.plist */ = {isa = PBXFileReference; fileEncoding = 4; lastKnownFileType = text.plist.xml; name = "MEDUSA-Info.plist"; path = "MEDUSA/MEDUSA-Info.plist"; plistStructureDefinitionIdentifier = "com.apple.xcode.plist.structure-definition.iphone.info-plist"; sourceTree = SOURCE_ROOT; };
		8E7BEB1D80B84C61BC332449 /* MBProgressHUD.m */ = {isa = PBXFileReference; explicitFileType = undefined; fileEncoding = 4; includeInIndex = 0; lastKnownFileType = sourcecode.c.objc; name = MBProgressHUD.m; path = "cordova-plugin-spinner/MBProgressHUD.m"; sourceTree = "<group>"; };
		8F494A297DE94A35821246B6 /* CDVSplashScreen.h */ = {isa = PBXFileReference; explicitFileType = undefined; fileEncoding = 4; includeInIndex = 0; lastKnownFileType = sourcecode.c.h; name = CDVSplashScreen.h; path = "cordova-plugin-splashscreen/CDVSplashScreen.h"; sourceTree = "<group>"; };
		9050D36193874C53A65CEE95 /* CDVExif.h */ = {isa = PBXFileReference; explicitFileType = undefined; fileEncoding = 4; includeInIndex = 0; lastKnownFileType = sourcecode.c.h; name = CDVExif.h; path = "cordova-plugin-camera/CDVExif.h"; sourceTree = "<group>"; };
		911F4FC204EC438DA2C783DC /* CDVBarcodeScanner.mm */ = {isa = PBXFileReference; explicitFileType = undefined; fileEncoding = 9; includeInIndex = 0; lastKnownFileType = unknown; name = CDVBarcodeScanner.mm; path = "phonegap-plugin-barcodescanner/CDVBarcodeScanner.mm"; sourceTree = "<group>"; };
		93E20CC8585A4B6CB8AA04F8 /* UIImage+CropScaleOrientation.h */ = {isa = PBXFileReference; explicitFileType = undefined; fileEncoding = 4; includeInIndex = 0; lastKnownFileType = sourcecode.c.h; name = "UIImage+CropScaleOrientation.h"; path = "cordova-plugin-camera/UIImage+CropScaleOrientation.h"; sourceTree = "<group>"; };
		99BD438E73364D5EAC9CEC3D /* SpinnerPlugin.h */ = {isa = PBXFileReference; explicitFileType = undefined; fileEncoding = 4; includeInIndex = 0; lastKnownFileType = sourcecode.c.h; name = SpinnerPlugin.h; path = "cordova-plugin-spinner/SpinnerPlugin.h"; sourceTree = "<group>"; };
		9F727842DE6444C6A486E301 /* CDVDevice.m */ = {isa = PBXFileReference; explicitFileType = undefined; fileEncoding = 4; includeInIndex = 0; lastKnownFileType = sourcecode.c.objc; name = CDVDevice.m; path = "cordova-plugin-device/CDVDevice.m"; sourceTree = "<group>"; };
		AADC38EB1214404DA2EC82C6 /* Bridging-Header.h */ = {isa = PBXFileReference; explicitFileType = undefined; fileEncoding = 4; includeInIndex = 0; lastKnownFileType = sourcecode.c.h; name = "Bridging-Header.h"; path = "aerogear-cordova-oauth2/Bridging-Header.h"; sourceTree = "<group>"; };
		B12036AD1A0741C29D5AF486 /* CDVSplashScreen.m */ = {isa = PBXFileReference; explicitFileType = undefined; fileEncoding = 4; includeInIndex = 0; lastKnownFileType = sourcecode.c.objc; name = CDVSplashScreen.m; path = "cordova-plugin-splashscreen/CDVSplashScreen.m"; sourceTree = "<group>"; };
		B22A4BA602064B51911004C1 /* CDVBarcodeScanner.bundle */ = {isa = PBXFileReference; explicitFileType = undefined; fileEncoding = 9; includeInIndex = 0; lastKnownFileType = "wrapper.plug-in"; path = CDVBarcodeScanner.bundle; sourceTree = "<group>"; };
		B317D10E236A4F03B32525CE /* ImageIO.framework */ = {isa = PBXFileReference; explicitFileType = undefined; fileEncoding = 9; includeInIndex = 0; lastKnownFileType = wrapper.framework; name = ImageIO.framework; path = System/Library/Frameworks/ImageIO.framework; sourceTree = SDKROOT; };
		B8F24E563DBF48CA8235C383 /* CDVFileTransfer.m */ = {isa = PBXFileReference; explicitFileType = undefined; fileEncoding = 4; includeInIndex = 0; lastKnownFileType = sourcecode.c.objc; name = CDVFileTransfer.m; path = "cordova-plugin-file-transfer/CDVFileTransfer.m"; sourceTree = "<group>"; };
		C4E9AD6B4B524AD3B520B997 /* CDVStatusBar.h */ = {isa = PBXFileReference; explicitFileType = undefined; fileEncoding = 4; includeInIndex = 0; lastKnownFileType = sourcecode.c.h; name = CDVStatusBar.h; path = "cordova-plugin-statusbar/CDVStatusBar.h"; sourceTree = "<group>"; };
		CEBE9064B1184E6BAE620FFC /* CDVCamera.h */ = {isa = PBXFileReference; explicitFileType = undefined; fileEncoding = 4; includeInIndex = 0; lastKnownFileType = sourcecode.c.h; name = CDVCamera.h; path = "cordova-plugin-camera/CDVCamera.h"; sourceTree = "<group>"; };
		D16489471ED24D6383CFA6C8 /* CDVInAppBrowser.m */ = {isa = PBXFileReference; explicitFileType = undefined; fileEncoding = 4; includeInIndex = 0; lastKnownFileType = sourcecode.c.objc; name = CDVInAppBrowser.m; path = "cordova-plugin-inappbrowser/CDVInAppBrowser.m"; sourceTree = "<group>"; };
		D83A4506E70843418FF66D6F /* CDVViewController+SplashScreen.h */ = {isa = PBXFileReference; explicitFileType = undefined; fileEncoding = 4; includeInIndex = 0; lastKnownFileType = sourcecode.c.h; name = "CDVViewController+SplashScreen.h"; path = "cordova-plugin-splashscreen/CDVViewController+SplashScreen.h"; sourceTree = "<group>"; };
		D9423F6F502F43DC8B71A662 /* CoreLocation.framework */ = {isa = PBXFileReference; explicitFileType = undefined; fileEncoding = 9; includeInIndex = 0; lastKnownFileType = wrapper.framework; name = CoreLocation.framework; path = System/Library/Frameworks/CoreLocation.framework; sourceTree = SDKROOT; };
		E0B849BC44A3448A9C68CD36 /* CDVInAppBrowser.h */ = {isa = PBXFileReference; explicitFileType = undefined; fileEncoding = 4; includeInIndex = 0; lastKnownFileType = sourcecode.c.h; name = CDVInAppBrowser.h; path = "cordova-plugin-inappbrowser/CDVInAppBrowser.h"; sourceTree = "<group>"; };
		E3806F2E86C442C0BFB5316E /* YoikScreenOrientation.h */ = {isa = PBXFileReference; explicitFileType = undefined; fileEncoding = 4; includeInIndex = 0; lastKnownFileType = sourcecode.c.h; name = YoikScreenOrientation.h; path = "cordova-plugin-screen-orientation/YoikScreenOrientation.h"; sourceTree = "<group>"; };
		E60481AF46214C0B8F332CC5 /* CDVDevice.h */ = {isa = PBXFileReference; explicitFileType = undefined; fileEncoding = 4; includeInIndex = 0; lastKnownFileType = sourcecode.c.h; name = CDVDevice.h; path = "cordova-plugin-device/CDVDevice.h"; sourceTree = "<group>"; };
		E66089207D0C41EEA482D4CF /* CDVJpegHeaderWriter.m */ = {isa = PBXFileReference; explicitFileType = undefined; fileEncoding = 4; includeInIndex = 0; lastKnownFileType = sourcecode.c.objc; name = CDVJpegHeaderWriter.m; path = "cordova-plugin-camera/CDVJpegHeaderWriter.m"; sourceTree = "<group>"; };
		E98900A0DD6641D491DA1411 /* CDVFileTransfer.h */ = {isa = PBXFileReference; explicitFileType = undefined; fileEncoding = 4; includeInIndex = 0; lastKnownFileType = sourcecode.c.h; name = CDVFileTransfer.h; path = "cordova-plugin-file-transfer/CDVFileTransfer.h"; sourceTree = "<group>"; };
		EB87FDF31871DA8E0020F90C /* www */ = {isa = PBXFileReference; lastKnownFileType = folder; name = www; path = ../../www; sourceTree = "<group>"; };
		EB87FDF41871DAF40020F90C /* config.xml */ = {isa = PBXFileReference; lastKnownFileType = text.xml; name = config.xml; path = ../../config.xml; sourceTree = "<group>"; };
		EED35090D76B4F4D80D3B6AF /* CDVNotification.h */ = {isa = PBXFileReference; explicitFileType = undefined; fileEncoding = 4; includeInIndex = 0; lastKnownFileType = sourcecode.c.h; name = CDVNotification.h; path = "cordova-plugin-dialogs/CDVNotification.h"; sourceTree = "<group>"; };
		F33977A45C1E47ED8DC6E3D6 /* CDVViewController+SplashScreen.m */ = {isa = PBXFileReference; explicitFileType = undefined; fileEncoding = 4; includeInIndex = 0; lastKnownFileType = sourcecode.c.objc; name = "CDVViewController+SplashScreen.m"; path = "cordova-plugin-splashscreen/CDVViewController+SplashScreen.m"; sourceTree = "<group>"; };
		F417B5477C3D4B59B9ABBACE /* zxing-all-in-one.cpp */ = {isa = PBXFileReference; explicitFileType = undefined; fileEncoding = 9; includeInIndex = 0; lastKnownFileType = unknown; name = "zxing-all-in-one.cpp"; path = "phonegap-plugin-barcodescanner/zxing-all-in-one.cpp"; sourceTree = "<group>"; };
		F58A29564BC5498DA5F657ED /* AVFoundation.framework */ = {isa = PBXFileReference; explicitFileType = undefined; fileEncoding = 9; includeInIndex = 0; lastKnownFileType = wrapper.framework; name = AVFoundation.framework; path = System/Library/Frameworks/AVFoundation.framework; sourceTree = SDKROOT; };
		F6128506A98646DF9536E0CA /* CDVFile.h */ = {isa = PBXFileReference; explicitFileType = undefined; fileEncoding = 4; includeInIndex = 0; lastKnownFileType = sourcecode.c.h; name = CDVFile.h; path = "cordova-plugin-file/CDVFile.h"; sourceTree = "<group>"; };
		F840E1F0165FE0F500CFE078 /* config.xml */ = {isa = PBXFileReference; lastKnownFileType = text.xml; name = config.xml; path = MEDUSA/config.xml; sourceTree = "<group>"; };
		FBA62027ACBE4EC9BA57DDFF /* CDVLogger.m */ = {isa = PBXFileReference; explicitFileType = undefined; fileEncoding = 4; includeInIndex = 0; lastKnownFileType = sourcecode.c.objc; name = CDVLogger.m; path = "cordova-plugin-console/CDVLogger.m"; sourceTree = "<group>"; };
/* End PBXFileReference section */

/* Begin PBXFrameworksBuildPhase section */
		1D60588F0D05DD3D006BFB54 /* Frameworks */ = {
			isa = PBXFrameworksBuildPhase;
			buildActionMask = 2147483647;
			files = (
				301BF552109A68D80062928A /* libCordova.a in Frameworks */,
				9B19F98B554643618A66B166 /* ImageIO.framework in Frameworks */,
				53D6DB9E4B51457DB6E824EF /* CoreLocation.framework in Frameworks */,
				E042E9B91C524B5CB62ECBC1 /* AVFoundation.framework in Frameworks */,
				12E7BF65093F4F77B3F9EFF0 /* AudioToolbox.framework in Frameworks */,
				87D0DF69B5EF489FA7579C93 /* libiconv.dylib in Frameworks */,
				AD71621B7118463586B4F073 /* CoreVideo.framework in Frameworks */,
				E85018E8D7634332A27577FB /* QuartzCore.framework in Frameworks */,
				5DE973EA05CC46C4A21A6005 /* CoreImage.framework in Frameworks */,
			);
			runOnlyForDeploymentPostprocessing = 0;
		};
/* End PBXFrameworksBuildPhase section */

/* Begin PBXGroup section */
		080E96DDFE201D6D7F000001 /* Classes */ = {
			isa = PBXGroup;
			children = (
				302D95EE14D2391D003F00A1 /* MainViewController.h */,
				302D95EF14D2391D003F00A1 /* MainViewController.m */,
				302D95F014D2391D003F00A1 /* MainViewController.xib */,
				1D3623240D0F684500981E51 /* AppDelegate.h */,
				1D3623250D0F684500981E51 /* AppDelegate.m */,
			);
			name = Classes;
			path = MEDUSA/Classes;
			sourceTree = SOURCE_ROOT;
		};
		19C28FACFE9D520D11CA2CBB /* Products */ = {
			isa = PBXGroup;
			children = (
				1D6058910D05DD3D006BFB54 /* MEDUSA.app */,
			);
			name = Products;
			sourceTree = "<group>";
		};
		29B97314FDCFA39411CA2CEA /* CustomTemplate */ = {
			isa = PBXGroup;
			children = (
				EB87FDF41871DAF40020F90C /* config.xml */,
				EB87FDF31871DA8E0020F90C /* www */,
				EB87FDF11871DA420020F90C /* Staging */,
				301BF52D109A57CC0062928A /* CordovaLib.xcodeproj */,
				080E96DDFE201D6D7F000001 /* Classes */,
				307C750510C5A3420062BCA9 /* Plugins */,
				29B97315FDCFA39411CA2CEA /* Other Sources */,
				29B97317FDCFA39411CA2CEA /* Resources */,
				29B97323FDCFA39411CA2CEA /* Frameworks */,
				19C28FACFE9D520D11CA2CBB /* Products */,
			);
			name = CustomTemplate;
			sourceTree = "<group>";
		};
		29B97315FDCFA39411CA2CEA /* Other Sources */ = {
			isa = PBXGroup;
			children = (
				32CA4F630368D1EE00C91783 /* MEDUSA-Prefix.pch */,
				29B97316FDCFA39411CA2CEA /* main.m */,
			);
			name = "Other Sources";
			path = MEDUSA;
			sourceTree = "<group>";
		};
		29B97317FDCFA39411CA2CEA /* Resources */ = {
			isa = PBXGroup;
			children = (
				0207DA571B56EA530066E2B4 /* Images.xcassets */,
				3047A50E1AB8057F00498E2A /* config */,
				8D1107310486CEB800E47090 /* MEDUSA-Info.plist */,
				487F86751F7E4E5BB6F0F1D1 /* CDVNotification.bundle */,
				22791252867A4006BE7C87A9 /* scannerOverlay.xib */,
				B22A4BA602064B51911004C1 /* CDVBarcodeScanner.bundle */,
			);
			name = Resources;
			path = MEDUSA/Resources;
			sourceTree = "<group>";
		};
		29B97323FDCFA39411CA2CEA /* Frameworks */ = {
			isa = PBXGroup;
			children = (
				B317D10E236A4F03B32525CE /* ImageIO.framework */,
				D9423F6F502F43DC8B71A662 /* CoreLocation.framework */,
				F58A29564BC5498DA5F657ED /* AVFoundation.framework */,
				692419E8E321495A87017991 /* AudioToolbox.framework */,
				716A8DD3FBB84BE2BC546BD5 /* libiconv.dylib */,
				5B7FF64325D74ED9ABE2423E /* CoreVideo.framework */,
				6E33789A57A64EEB9E2A5BB3 /* QuartzCore.framework */,
				1D990ECD995C4A499D70F18A /* CoreImage.framework */,
			);
			name = Frameworks;
			sourceTree = "<group>";
		};
		301BF52E109A57CC0062928A /* Products */ = {
			isa = PBXGroup;
			children = (
				301BF535109A57CC0062928A /* libCordova.a */,
			);
			name = Products;
			sourceTree = "<group>";
		};
		3047A50E1AB8057F00498E2A /* config */ = {
			isa = PBXGroup;
			children = (
				3047A50F1AB8059700498E2A /* build-debug.xcconfig */,
				3047A5101AB8059700498E2A /* build-release.xcconfig */,
				3047A5111AB8059700498E2A /* build.xcconfig */,
			);
			name = config;
			sourceTree = "<group>";
		};
		307C750510C5A3420062BCA9 /* Plugins */ = {
			isa = PBXGroup;
			children = (
				AADC38EB1214404DA2EC82C6 /* Bridging-Header.h */,
				9F727842DE6444C6A486E301 /* CDVDevice.m */,
				E60481AF46214C0B8F332CC5 /* CDVDevice.h */,
				FBA62027ACBE4EC9BA57DDFF /* CDVLogger.m */,
				14A76149AFB94A2789BF861D /* CDVLogger.h */,
				20ED24A963A7447CBFDE8E3C /* UIImage+CropScaleOrientation.m */,
				26FD2B8441664E36BEF58AF6 /* CDVCamera.m */,
				E66089207D0C41EEA482D4CF /* CDVJpegHeaderWriter.m */,
				93E20CC8585A4B6CB8AA04F8 /* UIImage+CropScaleOrientation.h */,
				CEBE9064B1184E6BAE620FFC /* CDVCamera.h */,
				60218BE600A24EF8B6591085 /* CDVJpegHeaderWriter.h */,
				9050D36193874C53A65CEE95 /* CDVExif.h */,
				D16489471ED24D6383CFA6C8 /* CDVInAppBrowser.m */,
				E0B849BC44A3448A9C68CD36 /* CDVInAppBrowser.h */,
				8A54A10BB854457F8D2A178D /* CDVNotification.m */,
				EED35090D76B4F4D80D3B6AF /* CDVNotification.h */,
				64DE9900EF5F488CAF541E76 /* AppVersion.m */,
				1D10A9E917FA40EF9BB5F1B2 /* AppVersion.h */,
				01D20C52CB5A46A7942BE0C6 /* SpinnerPlugin.m */,
				8E7BEB1D80B84C61BC332449 /* MBProgressHUD.m */,
				99BD438E73364D5EAC9CEC3D /* SpinnerPlugin.h */,
				8103AA32666D4E1A8DD29C5C /* MBProgressHUD.h */,
				26092D1D3D6E4D6595207FD1 /* CDVFile.m */,
				7795E9D36FF04F84A6C5E380 /* CDVLocalFilesystem.m */,
				399F1F54537A44F386515DC1 /* CDVAssetLibraryFilesystem.m */,
				F6128506A98646DF9536E0CA /* CDVFile.h */,
				5A8FE9A540D54595B7216B02 /* CDVLocalFilesystem.h */,
				2E2291175E63464CBC9C0E26 /* CDVAssetLibraryFilesystem.h */,
				B8F24E563DBF48CA8235C383 /* CDVFileTransfer.m */,
				E98900A0DD6641D491DA1411 /* CDVFileTransfer.h */,
				4F925EF268CE4D8E99D3E098 /* CDVStatusBar.m */,
				C4E9AD6B4B524AD3B520B997 /* CDVStatusBar.h */,
				B12036AD1A0741C29D5AF486 /* CDVSplashScreen.m */,
				F33977A45C1E47ED8DC6E3D6 /* CDVViewController+SplashScreen.m */,
				8F494A297DE94A35821246B6 /* CDVSplashScreen.h */,
				D83A4506E70843418FF66D6F /* CDVViewController+SplashScreen.h */,
				5E3B150596974A88BF95A350 /* YoikScreenOrientation.m */,
				546E7B32506443AFACAAAB69 /* CDVViewController+UpdateSupportedOrientations.m */,
				E3806F2E86C442C0BFB5316E /* YoikScreenOrientation.h */,
				7C39A52E6F2B43BE81B4D53D /* CDVViewController+UpdateSupportedOrientations.h */,
				911F4FC204EC438DA2C783DC /* CDVBarcodeScanner.mm */,
				F417B5477C3D4B59B9ABBACE /* zxing-all-in-one.cpp */,
				5784C482F1414CC68C9EE91E /* zxing-all-in-one.h */,
			);
			name = Plugins;
			path = MEDUSA/Plugins;
			sourceTree = SOURCE_ROOT;
		};
		EB87FDF11871DA420020F90C /* Staging */ = {
			isa = PBXGroup;
			children = (
				F840E1F0165FE0F500CFE078 /* config.xml */,
				301BF56E109A69640062928A /* www */,
			);
			name = Staging;
			sourceTree = "<group>";
		};
/* End PBXGroup section */

/* Begin PBXNativeTarget section */
		1D6058900D05DD3D006BFB54 /* MEDUSA */ = {
			isa = PBXNativeTarget;
			buildConfigurationList = 1D6058960D05DD3E006BFB54 /* Build configuration list for PBXNativeTarget "MEDUSA" */;
			buildPhases = (
				304B58A110DAC018002A0835 /* Copy www directory */,
				1D60588D0D05DD3D006BFB54 /* Resources */,
				1D60588E0D05DD3D006BFB54 /* Sources */,
				1D60588F0D05DD3D006BFB54 /* Frameworks */,
			);
			buildRules = (
			);
			dependencies = (
				301BF551109A68C00062928A /* PBXTargetDependency */,
			);
			name = MEDUSA;
			productName = MEDUSA;
			productReference = 1D6058910D05DD3D006BFB54 /* MEDUSA.app */;
			productType = "com.apple.product-type.application";
		};
/* End PBXNativeTarget section */

/* Begin PBXProject section */
		29B97313FDCFA39411CA2CEA /* Project object */ = {
			isa = PBXProject;
			attributes = {
				LastUpgradeCheck = 0830;
				TargetAttributes = {
					1D6058900D05DD3D006BFB54 = {
						DevelopmentTeam = YSKZMWDXPL;
					};
				};
			};
			buildConfigurationList = C01FCF4E08A954540054247B /* Build configuration list for PBXProject "MEDUSA" */;
			compatibilityVersion = "Xcode 3.2";
			developmentRegion = English;
			hasScannedForEncodings = 1;
			knownRegions = (
				en,
			);
			mainGroup = 29B97314FDCFA39411CA2CEA /* CustomTemplate */;
			projectDirPath = "";
			projectReferences = (
				{
					ProductGroup = 301BF52E109A57CC0062928A /* Products */;
					ProjectRef = 301BF52D109A57CC0062928A /* CordovaLib.xcodeproj */;
				},
			);
			projectRoot = "";
			targets = (
				1D6058900D05DD3D006BFB54 /* MEDUSA */,
			);
		};
/* End PBXProject section */

/* Begin PBXReferenceProxy section */
		301BF535109A57CC0062928A /* libCordova.a */ = {
			isa = PBXReferenceProxy;
			fileType = archive.ar;
			path = libCordova.a;
			remoteRef = 301BF534109A57CC0062928A /* PBXContainerItemProxy */;
			sourceTree = BUILT_PRODUCTS_DIR;
		};
/* End PBXReferenceProxy section */

/* Begin PBXResourcesBuildPhase section */
		1D60588D0D05DD3D006BFB54 /* Resources */ = {
			isa = PBXResourcesBuildPhase;
			buildActionMask = 2147483647;
			files = (
				302D95F214D2391D003F00A1 /* MainViewController.xib in Resources */,
				0207DA581B56EA530066E2B4 /* Images.xcassets in Resources */,
				BB9C1C00175C43B189BC45DB /* CDVNotification.bundle in Resources */,
				A480D42238A6489BAFCC2CE8 /* scannerOverlay.xib in Resources */,
				9A3BF6FDF56C4ECDACDDD67D /* CDVBarcodeScanner.bundle in Resources */,
			);
			runOnlyForDeploymentPostprocessing = 0;
		};
/* End PBXResourcesBuildPhase section */

/* Begin PBXShellScriptBuildPhase section */
		304B58A110DAC018002A0835 /* Copy www directory */ = {
			isa = PBXShellScriptBuildPhase;
			buildActionMask = 2147483647;
			files = (
			);
			inputPaths = (
			);
			name = "Copy www directory";
			outputPaths = (
			);
			runOnlyForDeploymentPostprocessing = 0;
			shellPath = /bin/sh;
			shellScript = "NODEJS_PATH=/usr/local/bin; NVM_NODE_PATH=~/.nvm/versions/node/`nvm version 2>/dev/null`/bin; N_NODE_PATH=`find /usr/local/n/versions/node/* -maxdepth 0 -type d 2>/dev/null | tail -1`/bin; XCODE_NODE_PATH=`xcode-select --print-path`/usr/share/xcs/Node/bin; PATH=$NODEJS_PATH:$NVM_NODE_PATH:$N_NODE_PATH:$XCODE_NODE_PATH:$PATH && node cordova/lib/copy-www-build-step.js";
			showEnvVarsInLog = 0;
		};
/* End PBXShellScriptBuildPhase section */

/* Begin PBXSourcesBuildPhase section */
		1D60588E0D05DD3D006BFB54 /* Sources */ = {
			isa = PBXSourcesBuildPhase;
			buildActionMask = 2147483647;
			files = (
				1D60589B0D05DD56006BFB54 /* main.m in Sources */,
				1D3623260D0F684500981E51 /* AppDelegate.m in Sources */,
				302D95F114D2391D003F00A1 /* MainViewController.m in Sources */,
				3F43FB6C38B94B4F985B3D7B /* CDVDevice.m in Sources */,
				B0610F96859145AB81957D52 /* CDVLogger.m in Sources */,
				5A920E9463E04853AF779692 /* UIImage+CropScaleOrientation.m in Sources */,
				E01A250726F04831BAFFCE66 /* CDVCamera.m in Sources */,
				4A74CEE6C1714A9798B899E1 /* CDVJpegHeaderWriter.m in Sources */,
				96BC3651B1AE438EADE07EBE /* CDVInAppBrowser.m in Sources */,
				8BA9C9EC5FCA4CDE9B4BDA47 /* CDVNotification.m in Sources */,
				4FCFA8359F794491904828A6 /* AppVersion.m in Sources */,
				DF87ACCE72B243DCA5FACBB3 /* SpinnerPlugin.m in Sources */,
				4BF91DFE85034CA59DFBE0F4 /* MBProgressHUD.m in Sources */,
				68E501F7743347C2A8A26411 /* CDVFile.m in Sources */,
				071F916B4F0D4EECBFD06ECB /* CDVLocalFilesystem.m in Sources */,
				D6D38F3F0A2B4846AAA263D7 /* CDVAssetLibraryFilesystem.m in Sources */,
				EE6DF72E535C4C0C82EC20DD /* CDVFileTransfer.m in Sources */,
				3DEF5FF19DD44480A60B47F3 /* CDVStatusBar.m in Sources */,
				6C3A9935710145F58E3142F0 /* CDVSplashScreen.m in Sources */,
				F415C76318044F2CA4C3FE91 /* CDVViewController+SplashScreen.m in Sources */,
				6B10ADB22433443FB340BE68 /* YoikScreenOrientation.m in Sources */,
				3D12DE753F7248EEAB0CF8D8 /* CDVViewController+UpdateSupportedOrientations.m in Sources */,
				5277F9937ECE4EA783817915 /* CDVBarcodeScanner.mm in Sources */,
				3E5C58C7E2764C96A5BD96F7 /* zxing-all-in-one.cpp in Sources */,
			);
			runOnlyForDeploymentPostprocessing = 0;
		};
/* End PBXSourcesBuildPhase section */

/* Begin PBXTargetDependency section */
		301BF551109A68C00062928A /* PBXTargetDependency */ = {
			isa = PBXTargetDependency;
			name = CordovaLib;
			targetProxy = 301BF550109A68C00062928A /* PBXContainerItemProxy */;
		};
/* End PBXTargetDependency section */

/* Begin XCBuildConfiguration section */
		1D6058940D05DD3E006BFB54 /* Debug */ = {
			isa = XCBuildConfiguration;
			baseConfigurationReference = 3047A50F1AB8059700498E2A /* build-debug.xcconfig */;
			buildSettings = {
				ALWAYS_SEARCH_USER_PATHS = NO;
				ASSETCATALOG_COMPILER_APPICON_NAME = AppIcon;
				ASSETCATALOG_COMPILER_LAUNCHIMAGE_NAME = LaunchImage;
				CLANG_ENABLE_MODULES = YES;
				CLANG_ENABLE_OBJC_ARC = YES;
				CODE_SIGN_IDENTITY = "iPhone Developer";
				"CODE_SIGN_IDENTITY[sdk=iphoneos*]" = "iPhone Developer";
				COPY_PHASE_STRIP = NO;
				DEVELOPMENT_TEAM = YSKZMWDXPL;
				GCC_DYNAMIC_NO_PIC = NO;
				GCC_OPTIMIZATION_LEVEL = 0;
				GCC_PRECOMPILE_PREFIX_HEADER = YES;
				GCC_PREFIX_HEADER = "MEDUSA/MEDUSA-Prefix.pch";
				GCC_THUMB_SUPPORT = NO;
				GCC_VERSION = "";
				INFOPLIST_FILE = "MEDUSA/MEDUSA-Info.plist";
				IPHONEOS_DEPLOYMENT_TARGET = 8.0;
				LD_RUNPATH_SEARCH_PATHS = "@executable_path/Frameworks";
				PRODUCT_BUNDLE_IDENTIFIER = org.trmn.medusa;
				PRODUCT_NAME = MEDUSA;
				PROVISIONING_PROFILE = "";
				TARGETED_DEVICE_FAMILY = "1,2";
			};
			name = Debug;
		};
		1D6058950D05DD3E006BFB54 /* Release */ = {
			isa = XCBuildConfiguration;
			baseConfigurationReference = 3047A5101AB8059700498E2A /* build-release.xcconfig */;
			buildSettings = {
				ALWAYS_SEARCH_USER_PATHS = NO;
				ASSETCATALOG_COMPILER_APPICON_NAME = AppIcon;
				ASSETCATALOG_COMPILER_LAUNCHIMAGE_NAME = LaunchImage;
				CLANG_ENABLE_MODULES = YES;
				CLANG_ENABLE_OBJC_ARC = YES;
				CODE_SIGN_IDENTITY = "iPhone Developer";
				"CODE_SIGN_IDENTITY[sdk=iphoneos*]" = "iPhone Developer";
				COPY_PHASE_STRIP = YES;
				DEVELOPMENT_TEAM = YSKZMWDXPL;
				GCC_PRECOMPILE_PREFIX_HEADER = YES;
				GCC_PREFIX_HEADER = "MEDUSA/MEDUSA-Prefix.pch";
				GCC_THUMB_SUPPORT = NO;
				GCC_VERSION = "";
				INFOPLIST_FILE = "MEDUSA/MEDUSA-Info.plist";
				IPHONEOS_DEPLOYMENT_TARGET = 8.0;
				PRODUCT_BUNDLE_IDENTIFIER = org.trmn.medusa;
				PRODUCT_NAME = MEDUSA;
				PROVISIONING_PROFILE = "";
				TARGETED_DEVICE_FAMILY = "1,2";
			};
			name = Release;
		};
		C01FCF4F08A954540054247B /* Debug */ = {
			isa = XCBuildConfiguration;
			baseConfigurationReference = 3047A5111AB8059700498E2A /* build.xcconfig */;
			buildSettings = {
				CLANG_ENABLE_MODULES = YES;
				CLANG_ENABLE_OBJC_ARC = YES;
				CLANG_WARN_BOOL_CONVERSION = YES;
				CLANG_WARN_CONSTANT_CONVERSION = YES;
				CLANG_WARN_EMPTY_BODY = YES;
				CLANG_WARN_ENUM_CONVERSION = YES;
				CLANG_WARN_INFINITE_RECURSION = YES;
				CLANG_WARN_INT_CONVERSION = YES;
				CLANG_WARN_SUSPICIOUS_MOVE = YES;
				CLANG_WARN_UNREACHABLE_CODE = YES;
				CLANG_WARN__DUPLICATE_METHOD_MATCH = YES;
				ENABLE_STRICT_OBJC_MSGSEND = YES;
				ENABLE_TESTABILITY = YES;
				GCC_C_LANGUAGE_STANDARD = c99;
				GCC_NO_COMMON_BLOCKS = YES;
				GCC_THUMB_SUPPORT = NO;
				GCC_VERSION = "";
				GCC_WARN_64_TO_32_BIT_CONVERSION = YES;
				GCC_WARN_ABOUT_RETURN_TYPE = YES;
				GCC_WARN_UNDECLARED_SELECTOR = YES;
				GCC_WARN_UNINITIALIZED_AUTOS = YES;
				GCC_WARN_UNUSED_FUNCTION = YES;
				GCC_WARN_UNUSED_VARIABLE = YES;
				IPHONEOS_DEPLOYMENT_TARGET = 8.0;
				ONLY_ACTIVE_ARCH = YES;
				SDKROOT = iphoneos;
				SKIP_INSTALL = NO;
			};
			name = Debug;
		};
		C01FCF5008A954540054247B /* Release */ = {
			isa = XCBuildConfiguration;
			baseConfigurationReference = 3047A5111AB8059700498E2A /* build.xcconfig */;
			buildSettings = {
				CLANG_ENABLE_MODULES = YES;
				CLANG_ENABLE_OBJC_ARC = YES;
				CLANG_WARN_BOOL_CONVERSION = YES;
				CLANG_WARN_CONSTANT_CONVERSION = YES;
				CLANG_WARN_EMPTY_BODY = YES;
				CLANG_WARN_ENUM_CONVERSION = YES;
				CLANG_WARN_INFINITE_RECURSION = YES;
				CLANG_WARN_INT_CONVERSION = YES;
				CLANG_WARN_SUSPICIOUS_MOVE = YES;
				CLANG_WARN_UNREACHABLE_CODE = YES;
				CLANG_WARN__DUPLICATE_METHOD_MATCH = YES;
				ENABLE_STRICT_OBJC_MSGSEND = YES;
				GCC_C_LANGUAGE_STANDARD = c99;
				GCC_NO_COMMON_BLOCKS = YES;
				GCC_THUMB_SUPPORT = NO;
				GCC_VERSION = "";
				GCC_WARN_64_TO_32_BIT_CONVERSION = YES;
				GCC_WARN_ABOUT_RETURN_TYPE = YES;
				GCC_WARN_UNDECLARED_SELECTOR = YES;
				GCC_WARN_UNINITIALIZED_AUTOS = YES;
				GCC_WARN_UNUSED_FUNCTION = YES;
				GCC_WARN_UNUSED_VARIABLE = YES;
				IPHONEOS_DEPLOYMENT_TARGET = 8.0;
				SDKROOT = iphoneos;
				SKIP_INSTALL = NO;
			};
			name = Release;
		};
/* End XCBuildConfiguration section */

/* Begin XCConfigurationList section */
		1D6058960D05DD3E006BFB54 /* Build configuration list for PBXNativeTarget "MEDUSA" */ = {
			isa = XCConfigurationList;
			buildConfigurations = (
				1D6058940D05DD3E006BFB54 /* Debug */,
				1D6058950D05DD3E006BFB54 /* Release */,
			);
			defaultConfigurationIsVisible = 0;
			defaultConfigurationName = Release;
		};
		C01FCF4E08A954540054247B /* Build configuration list for PBXProject "MEDUSA" */ = {
			isa = XCConfigurationList;
			buildConfigurations = (
				C01FCF4F08A954540054247B /* Debug */,
				C01FCF5008A954540054247B /* Release */,
			);
			defaultConfigurationIsVisible = 0;
			defaultConfigurationName = Release;
		};
/* End XCConfigurationList section */
	};
	rootObject = 29B97313FDCFA39411CA2CEA /* Project object */;
}
